<Solution>
  <Folder Name="/Solution Items/">
    <File Path=".gitattributes" />
    <File Path=".gitignore" />
    <File Path=".dockerignore" />
    <File Path=".env.example" />
    <File Path="docker-compose.yml" />
    <File Path="README.md" />
    <File Path="project-logo.png" />
  </Folder>

  <Folder Name="/docs/project/">
    <File Path="docs/project/0001 - Arquitetura.md" />
    <File Path="docs/project/0002 - Docker.md" />
    <File Path="docs/project/0003 - Logging e Erros.md" />
  </Folder>
  <Folder Name="/docs/auth/">
    <File Path="docs/auth/0001 - Confirmacao de Cadastro.md" />
    <File Path="docs/auth/0002 - Configuracao JWT.md" />
    <File Path="docs/auth/0003 - Login e Tokens.md" />
    <File Path="docs/auth/0004 - Recuperacao de Senha.md" />
    <File Path="docs/auth/0005 - Perfis de Acesso.md" />
    <File Path="docs/auth/0006 - Consulta de Usuario.md" />
    <File Path="docs/auth/0007 - Exclusao de Conta.md" />
  </Folder>
  <Folder Name="/docker/postgres/init/">
    <File Path="docker/postgres/init/01-create-auth-db.sh" />
  </Folder>

  <Folder Name="/specs/2026/">
    <File Path="specs/2026/.gitkeep" />
  </Folder>
  <Folder Name="/specs/2026/09/">
    <File Path="specs/2026/09/2026092201-Auth-Confirmacao de cadastro por email.md" />
    <File Path="specs/2026/09/2026092202-Auth-Parametros de configuracao de autenticacao.md" />
    <File Path="specs/2026/09/2026092203-Auth-Login com JWT e Refresh Token.md" />
    <File Path="specs/2026/09/2026092204-Auth-Refresh de token com rotacao.md" />
    <File Path="specs/2026/09/2026092205-Auth-Logout e revogacao de tokens.md" />
    <File Path="specs/2026/09/2026092301-Auth-Solicitacao de recuperacao de senha.md" />
    <File Path="specs/2026/09/2026092302-Auth-Redefinicao de senha com token.md" />
    <File Path="specs/2026/09/2026092303-Auth-Perfil de acesso do usuario.md" />
    <File Path="specs/2026/09/2026092304-Auth-Consulta de usuario.md" />
    <File Path="specs/2026/09/2026092305-Auth-Seguranca do cadastro de usuario.md" />
    <File Path="specs/2026/09/2026092306-Auth-Exclusao de conta do usuario.md" />
    <File Path="specs/2026/09/2026092501-Auth-Protecao contra tentativas de autenticacao.md" />
    <File Path="specs/2026/09/2026092502-Auth-Consistencia do cadastro concorrente.md" />
    <File Path="specs/2026/09/2026092503-Auth-Confirmacao atomica de cadastro.md" />
    <File Path="specs/2026/09/2026092504-Auth-Redefinicao atomica de senha.md" />
    <File Path="specs/2026/09/2026092505-Auth-Exclusao atomica de conta.md" />
    <File Path="specs/2026/09/2026092506-Auth-Emissao atomica no login.md" />
    <File Path="specs/2026/09/2026092507-Auth-Rotacao atomica de refresh token.md" />
    <File Path="specs/2026/09/2026092508-Auth-Politica de identidade de login e email.md" />
    <File Path="specs/2026/09/2026092509-Auth-Politica e armazenamento de senhas.md" />
    <File Path="specs/2026/09/2026092510-Auth-Invalidacao de JWT em eventos sensiveis.md" />
    <File Path="specs/2026/09/2026092511-Auth-Configuracao segura de producao.md" />
    <File Path="specs/2026/09/2026092512-Auth-Testes de integracao da API e do banco.md" />
    <File Path="specs/2026/09/2026092513-Auth-Integracao continua.md" />
    <File Path="specs/2026/09/2026092514-Auth-Verificacoes de saude.md" />
    <File Path="specs/2026/09/2026092515-Auth-Limpeza de tokens expirados.md" />
  </Folder>

  <Folder Name="/auth-service/">
    <Project Path="auth-service/Auth.Api/Auth.Api.csproj" />
    <Project Path="auth-service/Auth.Application/Auth.Application.csproj" />
    <Project Path="auth-service/Auth.Domain/Auth.Domain.csproj" />
    <Project Path="auth-service/Auth.Infrastructure/Auth.Infrastructure.csproj" />
  </Folder>

  <Folder Name="/test/auth-service/">
    <Project Path="test/auth-service/Auth.Application.Tests/Auth.Application.Tests.csproj" />
    <Project Path="test/auth-service/Auth.Domain.Tests/Auth.Domain.Tests.csproj" />
  </Folder>
</Solution>
