<Solution>
  <Folder Name="/docs/">
    <File Path="docs/0000 - Arquitetura.md" />
    <File Path="docs/0001 - Comandos Git.md" />
    <File Path="docs/0002 - Setup do Banco de Dados Local.md" />
    <File Path="docs/0003 - Autenticação.md" />
    <File Path="docs/0005 - Repositórios e Unidade de Trabalho.md" />
    <File Path="docs/0006 - Rodando a Stack em Containers.md" />
    <File Path="docs/0007 - Fila de E-mails (Outbox).md" />
    <Folder Name="/docs/excalidraw/">
      <File Path="docs/excalidraw/0003 - Autenticação.excalidraw" />
      <File Path="docs/excalidraw/0007 - Fila de E-mails (Outbox).excalidraw" />
    </Folder>
  </Folder>
  <Folder Name="/src/" />
  <Folder Name="/src/ApiGateways/">
    <Project Path="src/ApiGateways/Ouroboros.ApiGateway/Ouroboros.ApiGateway.csproj" />
  </Folder>
  <Folder Name="/src/Contracts/">
    <Project Path="src/Contracts/Ouroboros.Contracts.Notifications/Ouroboros.Contracts.Notifications.csproj" />
  </Folder>
  <Folder Name="/src/BuildingBlocks/">
    <Project Path="src/BuildingBlocks/Ouroboros.BuildingBlocks.Application/Ouroboros.BuildingBlocks.Application.csproj" />
    <Project Path="src/BuildingBlocks/Ouroboros.BuildingBlocks.Domain/Ouroboros.BuildingBlocks.Domain.csproj" />
    <Project Path="src/BuildingBlocks/Ouroboros.BuildingBlocks.Infrastructure/Ouroboros.BuildingBlocks.Infrastructure.csproj" />
  </Folder>
  <Folder Name="/src/Services/" />
  <Folder Name="/src/Services/AuthService/">
    <Project Path="src/Services/AuthService/Ouroboros.AuthService.Api/Ouroboros.AuthService.Api.csproj" />
    <Project Path="src/Services/AuthService/Ouroboros.AuthService.Application/Ouroboros.AuthService.Application.csproj" />
    <Project Path="src/Services/AuthService/Ouroboros.AuthService.Domain/Ouroboros.AuthService.Domain.csproj" />
    <Project Path="src/Services/AuthService/Ouroboros.AuthService.Infrastructure/Ouroboros.AuthService.Infrastructure.csproj" />
  </Folder>
  <Folder Name="/src/Services/NotificationsService/">
    <Project Path="src/Services/NotificationsService/Ouroboros.NotificationsService.Api/Ouroboros.NotificationsService.Api.csproj" />
    <Project Path="src/Services/NotificationsService/Ouroboros.NotificationsService.Application/Ouroboros.NotificationsService.Application.csproj" />
    <Project Path="src/Services/NotificationsService/Ouroboros.NotificationsService.Domain/Ouroboros.NotificationsService.Domain.csproj" />
    <Project Path="src/Services/NotificationsService/Ouroboros.NotificationsService.Infrastructure/Ouroboros.NotificationsService.Infrastructure.csproj" />
  </Folder>
  <Folder Name="/src/Tools/">
    <Project Path="src/Tools/Ouroboros.DatabaseMigrator/Ouroboros.DatabaseMigrator.csproj" />
  </Folder>
  <Folder Name="/tests/" />
  <Folder Name="/tests/BuildingBlocks/">
    <Project Path="tests/BuildingBlocks/Ouroboros.BuildingBlocks.Application.Tests/Ouroboros.BuildingBlocks.Application.Tests.csproj" />
    <Project Path="tests/BuildingBlocks/Ouroboros.BuildingBlocks.Domain.Tests/Ouroboros.BuildingBlocks.Domain.Tests.csproj" />
    <Project Path="tests/BuildingBlocks/Ouroboros.BuildingBlocks.Infrastructure.Tests/Ouroboros.BuildingBlocks.Infrastructure.Tests.csproj" />
  </Folder>
  <Folder Name="/tests/Services/" />
  <Folder Name="/tests/Services/AuthService/">
    <Project Path="tests/Services/AuthService/Ouroboros.AuthService.Api.Tests/Ouroboros.AuthService.Api.Tests.csproj" />
    <Project Path="tests/Services/AuthService/Ouroboros.AuthService.Application.Tests/Ouroboros.AuthService.Application.Tests.csproj" />
    <Project Path="tests/Services/AuthService/Ouroboros.AuthService.Domain.Tests/Ouroboros.AuthService.Domain.Tests.csproj" />
    <Project Path="tests/Services/AuthService/Ouroboros.AuthService.Infrastructure.Tests/Ouroboros.AuthService.Infrastructure.Tests.csproj" />
  </Folder>
  <Folder Name="/tests/Services/NotificationsService/">
    <Project Path="tests/Services/NotificationsService/Ouroboros.NotificationsService.Application.Tests/Ouroboros.NotificationsService.Application.Tests.csproj" />
    <Project Path="tests/Services/NotificationsService/Ouroboros.NotificationsService.Domain.Tests/Ouroboros.NotificationsService.Domain.Tests.csproj" />
    <Project Path="tests/Services/NotificationsService/Ouroboros.NotificationsService.Infrastructure.Tests/Ouroboros.NotificationsService.Infrastructure.Tests.csproj" />
  </Folder>
  <Folder Name="/specs/">
    <Folder Name="/specs/archived/">
      <File Path="specs/archived/2026-09-09 - Servico de Notificacoes.md" />
    </Folder>
  </Folder>
</Solution>
